
Microsoft Visual Studio Solution File, Format Version 9.00
# Visual Studio 2005
Project("{FAE04EC0-301F-11D3-BF4B-00C04F79EFBC}") = "SandBox.Winform.DataGridViewComboBox", "SandBox.Winform.DataGridViewComboBox\SandBox.Winform.DataGridViewComboBox.csproj", "{F959EF0E-1D60-4BB1-8529-90BAEE87C4E0}"
EndProject
Global
	GlobalSection(SolutionConfigurationPlatforms) = preSolution
		Debug|Any CPU = Debug|Any CPU
		Release|Any CPU = Release|Any CPU
	EndGlobalSection
	GlobalSection(ProjectConfigurationPlatforms) = postSolution
		{F959EF0E-1D60-4BB1-8529-90BAEE87C4E0}.Debug|Any CPU.ActiveCfg = Debug|Any CPU
		{F959EF0E-1D60-4BB1-8529-90BAEE87C4E0}.Debug|Any CPU.Build.0 = Debug|Any CPU
		{F959EF0E-1D60-4BB1-8529-90BAEE87C4E0}.Release|Any CPU.ActiveCfg = Release|Any CPU
		{F959EF0E-1D60-4BB1-8529-90BAEE87C4E0}.Release|Any CPU.Build.0 = Release|Any CPU
	EndGlobalSection
	GlobalSection(SolutionProperties) = preSolution
		HideSolutionNode = FALSE
	EndGlobalSection
EndGlobal
