
Microsoft Visual Studio Solution File, Format Version 10.00
# Visual Studio 2008
Project("{FAE04EC0-301F-11D3-BF4B-00C04F79EFBC}") = "WindowsFormsApplication1", "WindowsFormsApplication1\WindowsFormsApplication1.csproj", "{CF0A4F98-00B2-4E54-8143-E994FA28171A}"
EndProject
Global
	GlobalSection(SolutionConfigurationPlatforms) = preSolution
		Debug|Any CPU = Debug|Any CPU
		Release|Any CPU = Release|Any CPU
	EndGlobalSection
	GlobalSection(ProjectConfigurationPlatforms) = postSolution
		{CF0A4F98-00B2-4E54-8143-E994FA28171A}.Debug|Any CPU.ActiveCfg = Debug|Any CPU
		{CF0A4F98-00B2-4E54-8143-E994FA28171A}.Debug|Any CPU.Build.0 = Debug|Any CPU
		{CF0A4F98-00B2-4E54-8143-E994FA28171A}.Release|Any CPU.ActiveCfg = Release|Any CPU
		{CF0A4F98-00B2-4E54-8143-E994FA28171A}.Release|Any CPU.Build.0 = Release|Any CPU
	EndGlobalSection
	GlobalSection(SolutionProperties) = preSolution
		HideSolutionNode = FALSE
	EndGlobalSection
EndGlobal
