
Microsoft Visual Studio Solution File, Format Version 11.00
# Visual Studio 2010
Project("{FAE04EC0-301F-11D3-BF4B-00C04F79EFBC}") = "WcfServiceDemo", "WcfServiceDemo\WcfServiceDemo.csproj", "{B16C07DF-F32D-492E-B985-41D968AAD578}"
EndProject
Project("{FAE04EC0-301F-11D3-BF4B-00C04F79EFBC}") = "WebServiceTestApp", "WebServiceTestApp\WebServiceTestApp.csproj", "{5B840093-9515-41DD-B089-6E4D0AE28690}"
EndProject
Global
	GlobalSection(SolutionConfigurationPlatforms) = preSolution
		Debug|Any CPU = Debug|Any CPU
		Debug|Mixed Platforms = Debug|Mixed Platforms
		Debug|x86 = Debug|x86
		Release|Any CPU = Release|Any CPU
		Release|Mixed Platforms = Release|Mixed Platforms
		Release|x86 = Release|x86
	EndGlobalSection
	GlobalSection(ProjectConfigurationPlatforms) = postSolution
		{B16C07DF-F32D-492E-B985-41D968AAD578}.Debug|Any CPU.ActiveCfg = Debug|Any CPU
		{B16C07DF-F32D-492E-B985-41D968AAD578}.Debug|Any CPU.Build.0 = Debug|Any CPU
		{B16C07DF-F32D-492E-B985-41D968AAD578}.Debug|Mixed Platforms.ActiveCfg = Debug|Any CPU
		{B16C07DF-F32D-492E-B985-41D968AAD578}.Debug|Mixed Platforms.Build.0 = Debug|Any CPU
		{B16C07DF-F32D-492E-B985-41D968AAD578}.Debug|x86.ActiveCfg = Debug|Any CPU
		{B16C07DF-F32D-492E-B985-41D968AAD578}.Release|Any CPU.ActiveCfg = Release|Any CPU
		{B16C07DF-F32D-492E-B985-41D968AAD578}.Release|Any CPU.Build.0 = Release|Any CPU
		{B16C07DF-F32D-492E-B985-41D968AAD578}.Release|Mixed Platforms.ActiveCfg = Release|Any CPU
		{B16C07DF-F32D-492E-B985-41D968AAD578}.Release|Mixed Platforms.Build.0 = Release|Any CPU
		{B16C07DF-F32D-492E-B985-41D968AAD578}.Release|x86.ActiveCfg = Release|Any CPU
		{5B840093-9515-41DD-B089-6E4D0AE28690}.Debug|Any CPU.ActiveCfg = Debug|x86
		{5B840093-9515-41DD-B089-6E4D0AE28690}.Debug|Mixed Platforms.ActiveCfg = Debug|x86
		{5B840093-9515-41DD-B089-6E4D0AE28690}.Debug|Mixed Platforms.Build.0 = Debug|x86
		{5B840093-9515-41DD-B089-6E4D0AE28690}.Debug|x86.ActiveCfg = Debug|x86
		{5B840093-9515-41DD-B089-6E4D0AE28690}.Debug|x86.Build.0 = Debug|x86
		{5B840093-9515-41DD-B089-6E4D0AE28690}.Release|Any CPU.ActiveCfg = Release|x86
		{5B840093-9515-41DD-B089-6E4D0AE28690}.Release|Mixed Platforms.ActiveCfg = Release|x86
		{5B840093-9515-41DD-B089-6E4D0AE28690}.Release|Mixed Platforms.Build.0 = Release|x86
		{5B840093-9515-41DD-B089-6E4D0AE28690}.Release|x86.ActiveCfg = Release|x86
		{5B840093-9515-41DD-B089-6E4D0AE28690}.Release|x86.Build.0 = Release|x86
	EndGlobalSection
	GlobalSection(SolutionProperties) = preSolution
		HideSolutionNode = FALSE
	EndGlobalSection
EndGlobal
