
Microsoft Visual Studio Solution File, Format Version 9.00
# Visual Studio 2005
Project("{FAE04EC0-301F-11D3-BF4B-00C04F79EFBC}") = "RadioGroupBox2005", "RadioGroupBox\RadioGroupBox2005.csproj", "{3887A1CC-A374-4B9B-9F34-DD805F40BDF7}"
EndProject
Project("{FAE04EC0-301F-11D3-BF4B-00C04F79EFBC}") = "ExampleApplication2005", "ExampleApplication\ExampleApplication2005.csproj", "{D604C525-EC1C-4E15-ACDE-A3E8C3372B23}"
	ProjectSection(ProjectDependencies) = postProject
		{3887A1CC-A374-4B9B-9F34-DD805F40BDF7} = {3887A1CC-A374-4B9B-9F34-DD805F40BDF7}
	EndProjectSection
EndProject
Global
	GlobalSection(SolutionConfigurationPlatforms) = preSolution
		Debug|Any CPU = Debug|Any CPU
		Release|Any CPU = Release|Any CPU
	EndGlobalSection
	GlobalSection(ProjectConfigurationPlatforms) = postSolution
		{3887A1CC-A374-4B9B-9F34-DD805F40BDF7}.Debug|Any CPU.ActiveCfg = Debug|Any CPU
		{3887A1CC-A374-4B9B-9F34-DD805F40BDF7}.Debug|Any CPU.Build.0 = Debug|Any CPU
		{3887A1CC-A374-4B9B-9F34-DD805F40BDF7}.Release|Any CPU.ActiveCfg = Release|Any CPU
		{3887A1CC-A374-4B9B-9F34-DD805F40BDF7}.Release|Any CPU.Build.0 = Release|Any CPU
		{D604C525-EC1C-4E15-ACDE-A3E8C3372B23}.Debug|Any CPU.ActiveCfg = Debug|Any CPU
		{D604C525-EC1C-4E15-ACDE-A3E8C3372B23}.Debug|Any CPU.Build.0 = Debug|Any CPU
		{D604C525-EC1C-4E15-ACDE-A3E8C3372B23}.Release|Any CPU.ActiveCfg = Release|Any CPU
		{D604C525-EC1C-4E15-ACDE-A3E8C3372B23}.Release|Any CPU.Build.0 = Release|Any CPU
	EndGlobalSection
	GlobalSection(SolutionProperties) = preSolution
		HideSolutionNode = FALSE
	EndGlobalSection
EndGlobal
