
Microsoft Visual Studio Solution File, Format Version 10.00
# Visual Studio 2008
Project("{FAE04EC0-301F-11D3-BF4B-00C04F79EFBC}") = "01_ADConnect", "01_ADConnect.csproj", "{7B4E00D0-90F7-4D7D-9AD0-49076E63D9BE}"
EndProject
Global
	GlobalSection(SolutionConfigurationPlatforms) = preSolution
		Debug|Any CPU = Debug|Any CPU
		Release|Any CPU = Release|Any CPU
	EndGlobalSection
	GlobalSection(ProjectConfigurationPlatforms) = postSolution
		{7B4E00D0-90F7-4D7D-9AD0-49076E63D9BE}.Debug|Any CPU.ActiveCfg = Debug|Any CPU
		{7B4E00D0-90F7-4D7D-9AD0-49076E63D9BE}.Debug|Any CPU.Build.0 = Debug|Any CPU
		{7B4E00D0-90F7-4D7D-9AD0-49076E63D9BE}.Release|Any CPU.ActiveCfg = Release|Any CPU
		{7B4E00D0-90F7-4D7D-9AD0-49076E63D9BE}.Release|Any CPU.Build.0 = Release|Any CPU
	EndGlobalSection
	GlobalSection(SolutionProperties) = preSolution
		HideSolutionNode = FALSE
	EndGlobalSection
EndGlobal
