
Microsoft Visual Studio Solution File, Format Version 10.00
# Visual Studio 2008
Project("{FAE04EC0-301F-11D3-BF4B-00C04F79EFBC}") = "VeryComplexCalculator", "VeryComplexCalculator\VeryComplexCalculator.csproj", "{567A9132-DE86-4E88-BB83-7DC29C5C3DE6}"
EndProject
Project("{FAE04EC0-301F-11D3-BF4B-00C04F79EFBC}") = "TestProject", "TestProject\TestProject.csproj", "{28BCEF75-91A5-432A-99ED-7B497151529E}"
EndProject
Project("{2150E333-8FDC-42A3-9474-1A3956D46DE8}") = "Solution Items", "Solution Items", "{590340D7-5849-4ABF-B643-62C20833460C}"
	ProjectSection(SolutionItems) = preProject
		LocalTestRun.testrunconfig = LocalTestRun.testrunconfig
		TestExample.vsmdi = TestExample.vsmdi
	EndProjectSection
EndProject
Global
	GlobalSection(TestCaseManagementSettings) = postSolution
		CategoryFile = TestExample.vsmdi
	EndGlobalSection
	GlobalSection(SolutionConfigurationPlatforms) = preSolution
		Debug|Any CPU = Debug|Any CPU
		Release|Any CPU = Release|Any CPU
	EndGlobalSection
	GlobalSection(ProjectConfigurationPlatforms) = postSolution
		{567A9132-DE86-4E88-BB83-7DC29C5C3DE6}.Debug|Any CPU.ActiveCfg = Debug|Any CPU
		{567A9132-DE86-4E88-BB83-7DC29C5C3DE6}.Debug|Any CPU.Build.0 = Debug|Any CPU
		{567A9132-DE86-4E88-BB83-7DC29C5C3DE6}.Release|Any CPU.ActiveCfg = Release|Any CPU
		{567A9132-DE86-4E88-BB83-7DC29C5C3DE6}.Release|Any CPU.Build.0 = Release|Any CPU
		{28BCEF75-91A5-432A-99ED-7B497151529E}.Debug|Any CPU.ActiveCfg = Debug|Any CPU
		{28BCEF75-91A5-432A-99ED-7B497151529E}.Debug|Any CPU.Build.0 = Debug|Any CPU
		{28BCEF75-91A5-432A-99ED-7B497151529E}.Release|Any CPU.ActiveCfg = Release|Any CPU
		{28BCEF75-91A5-432A-99ED-7B497151529E}.Release|Any CPU.Build.0 = Release|Any CPU
	EndGlobalSection
	GlobalSection(SolutionProperties) = preSolution
		HideSolutionNode = FALSE
	EndGlobalSection
EndGlobal
