
Microsoft Visual Studio Solution File, Format Version 11.00
# Visual Studio 2010
Project("{2150E333-8FDC-42A3-9474-1A3956D46DE8}") = "Solution Items", "Solution Items", "{E6D2994E-163E-404C-8512-DBB4F1C36831}"
	ProjectSection(SolutionItems) = preProject
		Local.testsettings = Local.testsettings
		Readify.SinglyLinkedList.vsmdi = Readify.SinglyLinkedList.vsmdi
		TraceAndTestImpact.testsettings = TraceAndTestImpact.testsettings
	EndProjectSection
EndProject
Project("{FAE04EC0-301F-11D3-BF4B-00C04F79EFBC}") = "Readify.Puzzles.SinglyLinkedList", "Readify.Puzzles.SinglyLinkedList\Readify.Puzzles.SinglyLinkedList.csproj", "{2FA02BA1-6556-4F75-B151-465E17543525}"
EndProject
Project("{FAE04EC0-301F-11D3-BF4B-00C04F79EFBC}") = "Readify.Puzzles.SinglyLinkedList.Test", "Readify.Puzzles.SinglyLinkedList.Test\Readify.Puzzles.SinglyLinkedList.Test.csproj", "{A25E9F61-1671-4FA0-98AC-B3D44E7B2AD5}"
EndProject
Project("{54435603-DBB4-11D2-8724-00A0C9A8B90C}") = "Readify.Puzzles.SinglyLinkedList.Setup", "Readify.Puzzles.SinglyLinkedList.Setup\Readify.Puzzles.SinglyLinkedList.Setup.vdproj", "{408ECE67-20E7-4FE6-AA0E-F874B92B3F58}"
EndProject
Project("{FAE04EC0-301F-11D3-BF4B-00C04F79EFBC}") = "Readify.Puzzles.SinglyLinkedList.View", "Readify.Puzzles.SinglyLinkedList.View\Readify.Puzzles.SinglyLinkedList.View.csproj", "{3082C98D-1A73-4F91-800F-2BF2C911DB96}"
EndProject
Global
	GlobalSection(TestCaseManagementSettings) = postSolution
		CategoryFile = Readify.SinglyLinkedList.vsmdi
	EndGlobalSection
	GlobalSection(SolutionConfigurationPlatforms) = preSolution
		Debug|Any CPU = Debug|Any CPU
		Debug|Mixed Platforms = Debug|Mixed Platforms
		Debug|x86 = Debug|x86
		Release|Any CPU = Release|Any CPU
		Release|Mixed Platforms = Release|Mixed Platforms
		Release|x86 = Release|x86
	EndGlobalSection
	GlobalSection(ProjectConfigurationPlatforms) = postSolution
		{2FA02BA1-6556-4F75-B151-465E17543525}.Debug|Any CPU.ActiveCfg = Debug|Any CPU
		{2FA02BA1-6556-4F75-B151-465E17543525}.Debug|Any CPU.Build.0 = Debug|Any CPU
		{2FA02BA1-6556-4F75-B151-465E17543525}.Debug|Mixed Platforms.ActiveCfg = Debug|Any CPU
		{2FA02BA1-6556-4F75-B151-465E17543525}.Debug|Mixed Platforms.Build.0 = Debug|Any CPU
		{2FA02BA1-6556-4F75-B151-465E17543525}.Debug|x86.ActiveCfg = Debug|Any CPU
		{2FA02BA1-6556-4F75-B151-465E17543525}.Release|Any CPU.ActiveCfg = Release|Any CPU
		{2FA02BA1-6556-4F75-B151-465E17543525}.Release|Any CPU.Build.0 = Release|Any CPU
		{2FA02BA1-6556-4F75-B151-465E17543525}.Release|Mixed Platforms.ActiveCfg = Release|Any CPU
		{2FA02BA1-6556-4F75-B151-465E17543525}.Release|Mixed Platforms.Build.0 = Release|Any CPU
		{2FA02BA1-6556-4F75-B151-465E17543525}.Release|x86.ActiveCfg = Release|Any CPU
		{A25E9F61-1671-4FA0-98AC-B3D44E7B2AD5}.Debug|Any CPU.ActiveCfg = Debug|Any CPU
		{A25E9F61-1671-4FA0-98AC-B3D44E7B2AD5}.Debug|Any CPU.Build.0 = Debug|Any CPU
		{A25E9F61-1671-4FA0-98AC-B3D44E7B2AD5}.Debug|Mixed Platforms.ActiveCfg = Debug|Any CPU
		{A25E9F61-1671-4FA0-98AC-B3D44E7B2AD5}.Debug|Mixed Platforms.Build.0 = Debug|Any CPU
		{A25E9F61-1671-4FA0-98AC-B3D44E7B2AD5}.Debug|x86.ActiveCfg = Debug|Any CPU
		{A25E9F61-1671-4FA0-98AC-B3D44E7B2AD5}.Release|Any CPU.ActiveCfg = Release|Any CPU
		{A25E9F61-1671-4FA0-98AC-B3D44E7B2AD5}.Release|Any CPU.Build.0 = Release|Any CPU
		{A25E9F61-1671-4FA0-98AC-B3D44E7B2AD5}.Release|Mixed Platforms.ActiveCfg = Release|Any CPU
		{A25E9F61-1671-4FA0-98AC-B3D44E7B2AD5}.Release|Mixed Platforms.Build.0 = Release|Any CPU
		{A25E9F61-1671-4FA0-98AC-B3D44E7B2AD5}.Release|x86.ActiveCfg = Release|Any CPU
		{408ECE67-20E7-4FE6-AA0E-F874B92B3F58}.Debug|Any CPU.ActiveCfg = Debug
		{408ECE67-20E7-4FE6-AA0E-F874B92B3F58}.Debug|Mixed Platforms.ActiveCfg = Debug
		{408ECE67-20E7-4FE6-AA0E-F874B92B3F58}.Debug|x86.ActiveCfg = Debug
		{408ECE67-20E7-4FE6-AA0E-F874B92B3F58}.Release|Any CPU.ActiveCfg = Release
		{408ECE67-20E7-4FE6-AA0E-F874B92B3F58}.Release|Mixed Platforms.ActiveCfg = Release
		{408ECE67-20E7-4FE6-AA0E-F874B92B3F58}.Release|x86.ActiveCfg = Release
		{3082C98D-1A73-4F91-800F-2BF2C911DB96}.Debug|Any CPU.ActiveCfg = Debug|x86
		{3082C98D-1A73-4F91-800F-2BF2C911DB96}.Debug|Mixed Platforms.ActiveCfg = Debug|x86
		{3082C98D-1A73-4F91-800F-2BF2C911DB96}.Debug|Mixed Platforms.Build.0 = Debug|x86
		{3082C98D-1A73-4F91-800F-2BF2C911DB96}.Debug|x86.ActiveCfg = Debug|x86
		{3082C98D-1A73-4F91-800F-2BF2C911DB96}.Debug|x86.Build.0 = Debug|x86
		{3082C98D-1A73-4F91-800F-2BF2C911DB96}.Release|Any CPU.ActiveCfg = Release|x86
		{3082C98D-1A73-4F91-800F-2BF2C911DB96}.Release|Mixed Platforms.ActiveCfg = Release|x86
		{3082C98D-1A73-4F91-800F-2BF2C911DB96}.Release|Mixed Platforms.Build.0 = Release|x86
		{3082C98D-1A73-4F91-800F-2BF2C911DB96}.Release|x86.ActiveCfg = Release|x86
		{3082C98D-1A73-4F91-800F-2BF2C911DB96}.Release|x86.Build.0 = Release|x86
	EndGlobalSection
	GlobalSection(SolutionProperties) = preSolution
		HideSolutionNode = FALSE
	EndGlobalSection
EndGlobal
